
Microsoft Visual Studio Solution File, Format Version 12.00
# Visual Studio Version 17
VisualStudioVersion = 17.14.36212.18
MinimumVisualStudioVersion = 10.0.40219.1
Project("{2150E333-8FDC-42A3-9474-1A3956D46DE8}") = "docs", "docs", "{6C83A596-D32D-B35F-00DD-F0C99B673980}"
	ProjectSection(SolutionItems) = preProject
		Documentazione SmartHouse.txt = Documentazione SmartHouse.txt
	EndProjectSection
EndProject
Project("{2150E333-8FDC-42A3-9474-1A3956D46DE8}") = "src", "src", "{3DA8A02D-513A-410D-AF4F-0603EC11B8B5}"
EndProject
Project("{2150E333-8FDC-42A3-9474-1A3956D46DE8}") = "test", "test", "{48CFB2CB-36E4-4A80-85CB-C91ED0D7AB9E}"
EndProject
Project("{FAE04EC0-301F-11D3-BF4B-00C04F79EFBC}") = "SmartHouse.Domain", "src\SmartHouse.Domain\SmartHouse.Domain.csproj", "{45268B90-7ABB-4692-9509-796C32D2242B}"
EndProject
Project("{FAE04EC0-301F-11D3-BF4B-00C04F79EFBC}") = "SmartHouse.Domain.UnitTest", "test\SmartHouse.Domain.UnitTest\SmartHouse.Domain.UnitTest.csproj", "{FE61605F-EBE1-41D6-AFDB-5EC9113EB080}"
EndProject
Global
	GlobalSection(SolutionConfigurationPlatforms) = preSolution
		Debug|Any CPU = Debug|Any CPU
		Release|Any CPU = Release|Any CPU
	EndGlobalSection
	GlobalSection(ProjectConfigurationPlatforms) = postSolution
		{45268B90-7ABB-4692-9509-796C32D2242B}.Debug|Any CPU.ActiveCfg = Debug|Any CPU
		{45268B90-7ABB-4692-9509-796C32D2242B}.Debug|Any CPU.Build.0 = Debug|Any CPU
		{45268B90-7ABB-4692-9509-796C32D2242B}.Release|Any CPU.ActiveCfg = Release|Any CPU
		{45268B90-7ABB-4692-9509-796C32D2242B}.Release|Any CPU.Build.0 = Release|Any CPU
		{FE61605F-EBE1-41D6-AFDB-5EC9113EB080}.Debug|Any CPU.ActiveCfg = Debug|Any CPU
		{FE61605F-EBE1-41D6-AFDB-5EC9113EB080}.Debug|Any CPU.Build.0 = Debug|Any CPU
		{FE61605F-EBE1-41D6-AFDB-5EC9113EB080}.Release|Any CPU.ActiveCfg = Release|Any CPU
		{FE61605F-EBE1-41D6-AFDB-5EC9113EB080}.Release|Any CPU.Build.0 = Release|Any CPU
	EndGlobalSection
	GlobalSection(SolutionProperties) = preSolution
		HideSolutionNode = FALSE
	EndGlobalSection
	GlobalSection(NestedProjects) = preSolution
		{45268B90-7ABB-4692-9509-796C32D2242B} = {3DA8A02D-513A-410D-AF4F-0603EC11B8B5}
		{FE61605F-EBE1-41D6-AFDB-5EC9113EB080} = {48CFB2CB-36E4-4A80-85CB-C91ED0D7AB9E}
	EndGlobalSection
	GlobalSection(ExtensibilityGlobals) = postSolution
		SolutionGuid = {5BAF6622-D7D6-4EA7-AB71-9B1D2ACEA50A}
	EndGlobalSection
EndGlobal
